
Microsoft Visual Studio Solution File, Format Version 12.00
# Visual Studio Version 17
VisualStudioVersion = 17.2.32526.322
MinimumVisualStudioVersion = 10.0.40219.1
Project("{FAE04EC0-301F-11D3-BF4B-00C04F79EFBC}") = "SerilogInAspCore", "SerilogInAspCore\SerilogInAspCore.csproj", "{04C9C50A-FA47-4093-8437-7F767CCC2B39}"
EndProject
Global
	GlobalSection(SolutionConfigurationPlatforms) = preSolution
		Debug|Any CPU = Debug|Any CPU
		Release|Any CPU = Release|Any CPU
	EndGlobalSection
	GlobalSection(ProjectConfigurationPlatforms) = postSolution
		{04C9C50A-FA47-4093-8437-7F767CCC2B39}.Debug|Any CPU.ActiveCfg = Debug|Any CPU
		{04C9C50A-FA47-4093-8437-7F767CCC2B39}.Debug|Any CPU.Build.0 = Debug|Any CPU
		{04C9C50A-FA47-4093-8437-7F767CCC2B39}.Release|Any CPU.ActiveCfg = Release|Any CPU
		{04C9C50A-FA47-4093-8437-7F767CCC2B39}.Release|Any CPU.Build.0 = Release|Any CPU
	EndGlobalSection
	GlobalSection(SolutionProperties) = preSolution
		HideSolutionNode = FALSE
	EndGlobalSection
	GlobalSection(ExtensibilityGlobals) = postSolution
		SolutionGuid = {00C4BB0A-D061-4132-B270-8A686361CB13}
	EndGlobalSection
EndGlobal
